// !$*UTF8*$!
{
	archiveVersion = 1;
	classes = {
	};
	objectVersion = 50;
	objects = {

/* Begin PBXBuildFile section */
		A635853A6D23DAEC2EA763C6 /* Pods_p2pLendingTests.framework in Frameworks */ = {isa = PBXBuildFile; fileRef = B7D21491572874870AED6CC5 /* Pods_p2pLendingTests.framework */; };
		B93F2E35C876792AB33BD9C0 /* Pods_p2pLending.framework in Frameworks */ = {isa = PBXBuildFile; fileRef = B45CD7688F7BDB5551D87F7C /* Pods_p2pLending.framework */; };
		C1905A23221FE7DB0070EDF7 /* AppDelegate.swift in Sources */ = {isa = PBXBuildFile; fileRef = C1905A22221FE7DB0070EDF7 /* AppDelegate.swift */; };
		C1905A25221FE7DB0070EDF7 /* ViewController.swift in Sources */ = {isa = PBXBuildFile; fileRef = C1905A24221FE7DB0070EDF7 /* ViewController.swift */; };
		C1905A28221FE7DB0070EDF7 /* Main.storyboard in Resources */ = {isa = PBXBuildFile; fileRef = C1905A26221FE7DB0070EDF7 /* Main.storyboard */; };
		C1905A2A221FE7DC0070EDF7 /* Assets.xcassets in Resources */ = {isa = PBXBuildFile; fileRef = C1905A29221FE7DC0070EDF7 /* Assets.xcassets */; };
		C1905A2D221FE7DC0070EDF7 /* LaunchScreen.storyboard in Resources */ = {isa = PBXBuildFile; fileRef = C1905A2B221FE7DC0070EDF7 /* LaunchScreen.storyboard */; };
		C1905A38221FE7DC0070EDF7 /* p2pLendingTests.swift in Sources */ = {isa = PBXBuildFile; fileRef = C1905A37221FE7DC0070EDF7 /* p2pLendingTests.swift */; };
		C1905A43221FE7DC0070EDF7 /* p2pLendingUITests.swift in Sources */ = {isa = PBXBuildFile; fileRef = C1905A42221FE7DC0070EDF7 /* p2pLendingUITests.swift */; };
		D0BF762D76220DE7DFCC015A /* Pods_p2pLendingUITests.framework in Frameworks */ = {isa = PBXBuildFile; fileRef = 05F70C76EA18922F27DB0862 /* Pods_p2pLendingUITests.framework */; };
/* End PBXBuildFile section */

/* Begin PBXContainerItemProxy section */
		C1905A34221FE7DC0070EDF7 /* PBXContainerItemProxy */ = {
			isa = PBXContainerItemProxy;
			containerPortal = C1905A17221FE7DA0070EDF7 /* Project object */;
			proxyType = 1;
			remoteGlobalIDString = C1905A1E221FE7DB0070EDF7;
			remoteInfo = p2pLending;
		};
		C1905A3F221FE7DC0070EDF7 /* PBXContainerItemProxy */ = {
			isa = PBXContainerItemProxy;
			containerPortal = C1905A17221FE7DA0070EDF7 /* Project object */;
			proxyType = 1;
			remoteGlobalIDString = C1905A1E221FE7DB0070EDF7;
			remoteInfo = p2pLending;
		};
/* End PBXContainerItemProxy section */

/* Begin PBXFileReference section */
		05F70C76EA18922F27DB0862 /* Pods_p2pLendingUITests.framework */ = {isa = PBXFileReference; explicitFileType = wrapper.framework; includeInIndex = 0; path = Pods_p2pLendingUITests.framework; sourceTree = BUILT_PRODUCTS_DIR; };
		13843AEAC2ADDBEC4E924046 /* Pods-p2pLendingTests.debug.xcconfig */ = {isa = PBXFileReference; includeInIndex = 1; lastKnownFileType = text.xcconfig; name = "Pods-p2pLendingTests.debug.xcconfig"; path = "Pods/Target Support Files/Pods-p2pLendingTests/Pods-p2pLendingTests.debug.xcconfig"; sourceTree = "<group>"; };
		3A5ABBC131FD16E282BF7FC5 /* Pods-p2pLending.release.xcconfig */ = {isa = PBXFileReference; includeInIndex = 1; lastKnownFileType = text.xcconfig; name = "Pods-p2pLending.release.xcconfig"; path = "Pods/Target Support Files/Pods-p2pLending/Pods-p2pLending.release.xcconfig"; sourceTree = "<group>"; };
		3C2EAA8ED1E8DAD2A5A346A4 /* Pods-p2pLendingUITests.release.xcconfig */ = {isa = PBXFileReference; includeInIndex = 1; lastKnownFileType = text.xcconfig; name = "Pods-p2pLendingUITests.release.xcconfig"; path = "Pods/Target Support Files/Pods-p2pLendingUITests/Pods-p2pLendingUITests.release.xcconfig"; sourceTree = "<group>"; };
		4FA483DC6A86E6BBCFA30395 /* Pods-p2pLendingUITests.debug.xcconfig */ = {isa = PBXFileReference; includeInIndex = 1; lastKnownFileType = text.xcconfig; name = "Pods-p2pLendingUITests.debug.xcconfig"; path = "Pods/Target Support Files/Pods-p2pLendingUITests/Pods-p2pLendingUITests.debug.xcconfig"; sourceTree = "<group>"; };
		877CE7A1B43A51630F96940C /* Pods-p2pLendingTests.release.xcconfig */ = {isa = PBXFileReference; includeInIndex = 1; lastKnownFileType = text.xcconfig; name = "Pods-p2pLendingTests.release.xcconfig"; path = "Pods/Target Support Files/Pods-p2pLendingTests/Pods-p2pLendingTests.release.xcconfig"; sourceTree = "<group>"; };
		B45CD7688F7BDB5551D87F7C /* Pods_p2pLending.framework */ = {isa = PBXFileReference; explicitFileType = wrapper.framework; includeInIndex = 0; path = Pods_p2pLending.framework; sourceTree = BUILT_PRODUCTS_DIR; };
		B7D21491572874870AED6CC5 /* Pods_p2pLendingTests.framework */ = {isa = PBXFileReference; explicitFileType = wrapper.framework; includeInIndex = 0; path = Pods_p2pLendingTests.framework; sourceTree = BUILT_PRODUCTS_DIR; };
		BD40EB0A874EA5088864F578 /* Pods-p2pLending.debug.xcconfig */ = {isa = PBXFileReference; includeInIndex = 1; lastKnownFileType = text.xcconfig; name = "Pods-p2pLending.debug.xcconfig"; path = "Pods/Target Support Files/Pods-p2pLending/Pods-p2pLending.debug.xcconfig"; sourceTree = "<group>"; };
		C1905A1F221FE7DB0070EDF7 /* p2pLending.app */ = {isa = PBXFileReference; explicitFileType = wrapper.application; includeInIndex = 0; path = p2pLending.app; sourceTree = BUILT_PRODUCTS_DIR; };
		C1905A22221FE7DB0070EDF7 /* AppDelegate.swift */ = {isa = PBXFileReference; lastKnownFileType = sourcecode.swift; path = AppDelegate.swift; sourceTree = "<group>"; };
		C1905A24221FE7DB0070EDF7 /* ViewController.swift */ = {isa = PBXFileReference; lastKnownFileType = sourcecode.swift; path = ViewController.swift; sourceTree = "<group>"; };
		C1905A27221FE7DB0070EDF7 /* Base */ = {isa = PBXFileReference; lastKnownFileType = file.storyboard; name = Base; path = Base.lproj/Main.storyboard; sourceTree = "<group>"; };
		C1905A29221FE7DC0070EDF7 /* Assets.xcassets */ = {isa = PBXFileReference; lastKnownFileType = folder.assetcatalog; path = Assets.xcassets; sourceTree = "<group>"; };
		C1905A2C221FE7DC0070EDF7 /* Base */ = {isa = PBXFileReference; lastKnownFileType = file.storyboard; name = Base; path = Base.lproj/LaunchScreen.storyboard; sourceTree = "<group>"; };
		C1905A2E221FE7DC0070EDF7 /* Info.plist */ = {isa = PBXFileReference; lastKnownFileType = text.plist.xml; path = Info.plist; sourceTree = "<group>"; };
		C1905A33221FE7DC0070EDF7 /* p2pLendingTests.xctest */ = {isa = PBXFileReference; explicitFileType = wrapper.cfbundle; includeInIndex = 0; path = p2pLendingTests.xctest; sourceTree = BUILT_PRODUCTS_DIR; };
		C1905A37221FE7DC0070EDF7 /* p2pLendingTests.swift */ = {isa = PBXFileReference; lastKnownFileType = sourcecode.swift; path = p2pLendingTests.swift; sourceTree = "<group>"; };
		C1905A39221FE7DC0070EDF7 /* Info.plist */ = {isa = PBXFileReference; lastKnownFileType = text.plist.xml; path = Info.plist; sourceTree = "<group>"; };
		C1905A3E221FE7DC0070EDF7 /* p2pLendingUITests.xctest */ = {isa = PBXFileReference; explicitFileType = wrapper.cfbundle; includeInIndex = 0; path = p2pLendingUITests.xctest; sourceTree = BUILT_PRODUCTS_DIR; };
		C1905A42221FE7DC0070EDF7 /* p2pLendingUITests.swift */ = {isa = PBXFileReference; lastKnownFileType = sourcecode.swift; path = p2pLendingUITests.swift; sourceTree = "<group>"; };
		C1905A44221FE7DC0070EDF7 /* Info.plist */ = {isa = PBXFileReference; lastKnownFileType = text.plist.xml; path = Info.plist; sourceTree = "<group>"; };
/* End PBXFileReference section */

/* Begin PBXFrameworksBuildPhase section */
		C1905A1C221FE7DB0070EDF7 /* Frameworks */ = {
			isa = PBXFrameworksBuildPhase;
			buildActionMask = 2147483647;
			files = (
				B93F2E35C876792AB33BD9C0 /* Pods_p2pLending.framework in Frameworks */,
			);
			runOnlyForDeploymentPostprocessing = 0;
		};
		C1905A30221FE7DC0070EDF7 /* Frameworks */ = {
			isa = PBXFrameworksBuildPhase;
			buildActionMask = 2147483647;
			files = (
				A635853A6D23DAEC2EA763C6 /* Pods_p2pLendingTests.framework in Frameworks */,
			);
			runOnlyForDeploymentPostprocessing = 0;
		};
		C1905A3B221FE7DC0070EDF7 /* Frameworks */ = {
			isa = PBXFrameworksBuildPhase;
			buildActionMask = 2147483647;
			files = (
				D0BF762D76220DE7DFCC015A /* Pods_p2pLendingUITests.framework in Frameworks */,
			);
			runOnlyForDeploymentPostprocessing = 0;
		};
/* End PBXFrameworksBuildPhase section */

/* Begin PBXGroup section */
		C1905A16221FE7DA0070EDF7 = {
			isa = PBXGroup;
			children = (
				C1905A21221FE7DB0070EDF7 /* p2pLending */,
				C1905A36221FE7DC0070EDF7 /* p2pLendingTests */,
				C1905A41221FE7DC0070EDF7 /* p2pLendingUITests */,
				C1905A20221FE7DB0070EDF7 /* Products */,
				D9BDFA6D397AFEA597A0E310 /* Pods */,
				F1B8089C56C77C9C4AECC109 /* Frameworks */,
			);
			sourceTree = "<group>";
		};
		C1905A20221FE7DB0070EDF7 /* Products */ = {
			isa = PBXGroup;
			children = (
				C1905A1F221FE7DB0070EDF7 /* p2pLending.app */,
				C1905A33221FE7DC0070EDF7 /* p2pLendingTests.xctest */,
				C1905A3E221FE7DC0070EDF7 /* p2pLendingUITests.xctest */,
			);
			name = Products;
			sourceTree = "<group>";
		};
		C1905A21221FE7DB0070EDF7 /* p2pLending */ = {
			isa = PBXGroup;
			children = (
				C1905A22221FE7DB0070EDF7 /* AppDelegate.swift */,
				C1905A24221FE7DB0070EDF7 /* ViewController.swift */,
				C1905A26221FE7DB0070EDF7 /* Main.storyboard */,
				C1905A29221FE7DC0070EDF7 /* Assets.xcassets */,
				C1905A2B221FE7DC0070EDF7 /* LaunchScreen.storyboard */,
				C1905A2E221FE7DC0070EDF7 /* Info.plist */,
			);
			path = p2pLending;
			sourceTree = "<group>";
		};
		C1905A36221FE7DC0070EDF7 /* p2pLendingTests */ = {
			isa = PBXGroup;
			children = (
				C1905A37221FE7DC0070EDF7 /* p2pLendingTests.swift */,
				C1905A39221FE7DC0070EDF7 /* Info.plist */,
			);
			path = p2pLendingTests;
			sourceTree = "<group>";
		};
		C1905A41221FE7DC0070EDF7 /* p2pLendingUITests */ = {
			isa = PBXGroup;
			children = (
				C1905A42221FE7DC0070EDF7 /* p2pLendingUITests.swift */,
				C1905A44221FE7DC0070EDF7 /* Info.plist */,
			);
			path = p2pLendingUITests;
			sourceTree = "<group>";
		};
		D9BDFA6D397AFEA597A0E310 /* Pods */ = {
			isa = PBXGroup;
			children = (
				BD40EB0A874EA5088864F578 /* Pods-p2pLending.debug.xcconfig */,
				3A5ABBC131FD16E282BF7FC5 /* Pods-p2pLending.release.xcconfig */,
				13843AEAC2ADDBEC4E924046 /* Pods-p2pLendingTests.debug.xcconfig */,
				877CE7A1B43A51630F96940C /* Pods-p2pLendingTests.release.xcconfig */,
				4FA483DC6A86E6BBCFA30395 /* Pods-p2pLendingUITests.debug.xcconfig */,
				3C2EAA8ED1E8DAD2A5A346A4 /* Pods-p2pLendingUITests.release.xcconfig */,
			);
			name = Pods;
			sourceTree = "<group>";
		};
		F1B8089C56C77C9C4AECC109 /* Frameworks */ = {
			isa = PBXGroup;
			children = (
				B45CD7688F7BDB5551D87F7C /* Pods_p2pLending.framework */,
				B7D21491572874870AED6CC5 /* Pods_p2pLendingTests.framework */,
				05F70C76EA18922F27DB0862 /* Pods_p2pLendingUITests.framework */,
			);
			name = Frameworks;
			sourceTree = "<group>";
		};
/* End PBXGroup section */

/* Begin PBXNativeTarget section */
		C1905A1E221FE7DB0070EDF7 /* p2pLending */ = {
			isa = PBXNativeTarget;
			buildConfigurationList = C1905A47221FE7DC0070EDF7 /* Build configuration list for PBXNativeTarget "p2pLending" */;
			buildPhases = (
				5925A524B0A9A91239621BF5 /* [CP] Check Pods Manifest.lock */,
				C1905A1B221FE7DB0070EDF7 /* Sources */,
				C1905A1C221FE7DB0070EDF7 /* Frameworks */,
				C1905A1D221FE7DB0070EDF7 /* Resources */,
				6A665DAC0484CF57840DC7E4 /* [CP] Embed Pods Frameworks */,
			);
			buildRules = (
			);
			dependencies = (
			);
			name = p2pLending;
			productName = p2pLending;
			productReference = C1905A1F221FE7DB0070EDF7 /* p2pLending.app */;
			productType = "com.apple.product-type.application";
		};
		C1905A32221FE7DC0070EDF7 /* p2pLendingTests */ = {
			isa = PBXNativeTarget;
			buildConfigurationList = C1905A4A221FE7DC0070EDF7 /* Build configuration list for PBXNativeTarget "p2pLendingTests" */;
			buildPhases = (
				71A1854D43A51C40D770C4FE /* [CP] Check Pods Manifest.lock */,
				C1905A2F221FE7DC0070EDF7 /* Sources */,
				C1905A30221FE7DC0070EDF7 /* Frameworks */,
				C1905A31221FE7DC0070EDF7 /* Resources */,
			);
			buildRules = (
			);
			dependencies = (
				C1905A35221FE7DC0070EDF7 /* PBXTargetDependency */,
			);
			name = p2pLendingTests;
			productName = p2pLendingTests;
			productReference = C1905A33221FE7DC0070EDF7 /* p2pLendingTests.xctest */;
			productType = "com.apple.product-type.bundle.unit-test";
		};
		C1905A3D221FE7DC0070EDF7 /* p2pLendingUITests */ = {
			isa = PBXNativeTarget;
			buildConfigurationList = C1905A4D221FE7DC0070EDF7 /* Build configuration list for PBXNativeTarget "p2pLendingUITests" */;
			buildPhases = (
				6755F0237477E9DC345B2353 /* [CP] Check Pods Manifest.lock */,
				C1905A3A221FE7DC0070EDF7 /* Sources */,
				C1905A3B221FE7DC0070EDF7 /* Frameworks */,
				C1905A3C221FE7DC0070EDF7 /* Resources */,
			);
			buildRules = (
			);
			dependencies = (
				C1905A40221FE7DC0070EDF7 /* PBXTargetDependency */,
			);
			name = p2pLendingUITests;
			productName = p2pLendingUITests;
			productReference = C1905A3E221FE7DC0070EDF7 /* p2pLendingUITests.xctest */;
			productType = "com.apple.product-type.bundle.ui-testing";
		};
/* End PBXNativeTarget section */

/* Begin PBXProject section */
		C1905A17221FE7DA0070EDF7 /* Project object */ = {
			isa = PBXProject;
			attributes = {
				LastSwiftUpdateCheck = 1010;
				LastUpgradeCheck = 1010;
				ORGANIZATIONNAME = "adorsys GmbH & Co KG";
				TargetAttributes = {
					C1905A1E221FE7DB0070EDF7 = {
						CreatedOnToolsVersion = 10.1;
					};
					C1905A32221FE7DC0070EDF7 = {
						CreatedOnToolsVersion = 10.1;
						TestTargetID = C1905A1E221FE7DB0070EDF7;
					};
					C1905A3D221FE7DC0070EDF7 = {
						CreatedOnToolsVersion = 10.1;
						TestTargetID = C1905A1E221FE7DB0070EDF7;
					};
				};
			};
			buildConfigurationList = C1905A1A221FE7DA0070EDF7 /* Build configuration list for PBXProject "p2pLending" */;
			compatibilityVersion = "Xcode 9.3";
			developmentRegion = en;
			hasScannedForEncodings = 0;
			knownRegions = (
				en,
				Base,
			);
			mainGroup = C1905A16221FE7DA0070EDF7;
			productRefGroup = C1905A20221FE7DB0070EDF7 /* Products */;
			projectDirPath = "";
			projectRoot = "";
			targets = (
				C1905A1E221FE7DB0070EDF7 /* p2pLending */,
				C1905A32221FE7DC0070EDF7 /* p2pLendingTests */,
				C1905A3D221FE7DC0070EDF7 /* p2pLendingUITests */,
			);
		};
/* End PBXProject section */

/* Begin PBXResourcesBuildPhase section */
		C1905A1D221FE7DB0070EDF7 /* Resources */ = {
			isa = PBXResourcesBuildPhase;
			buildActionMask = 2147483647;
			files = (
				C1905A2D221FE7DC0070EDF7 /* LaunchScreen.storyboard in Resources */,
				C1905A2A221FE7DC0070EDF7 /* Assets.xcassets in Resources */,
				C1905A28221FE7DB0070EDF7 /* Main.storyboard in Resources */,
			);
			runOnlyForDeploymentPostprocessing = 0;
		};
		C1905A31221FE7DC0070EDF7 /* Resources */ = {
			isa = PBXResourcesBuildPhase;
			buildActionMask = 2147483647;
			files = (
			);
			runOnlyForDeploymentPostprocessing = 0;
		};
		C1905A3C221FE7DC0070EDF7 /* Resources */ = {
			isa = PBXResourcesBuildPhase;
			buildActionMask = 2147483647;
			files = (
			);
			runOnlyForDeploymentPostprocessing = 0;
		};
/* End PBXResourcesBuildPhase section */

/* Begin PBXShellScriptBuildPhase section */
		5925A524B0A9A91239621BF5 /* [CP] Check Pods Manifest.lock */ = {
			isa = PBXShellScriptBuildPhase;
			buildActionMask = 2147483647;
			files = (
			);
			inputFileListPaths = (
			);
			inputPaths = (
				"${PODS_PODFILE_DIR_PATH}/Podfile.lock",
				"${PODS_ROOT}/Manifest.lock",
			);
			name = "[CP] Check Pods Manifest.lock";
			outputFileListPaths = (
			);
			outputPaths = (
				"$(DERIVED_FILE_DIR)/Pods-p2pLending-checkManifestLockResult.txt",
			);
			runOnlyForDeploymentPostprocessing = 0;
			shellPath = /bin/sh;
			shellScript = "diff \"${PODS_PODFILE_DIR_PATH}/Podfile.lock\" \"${PODS_ROOT}/Manifest.lock\" > /dev/null\nif [ $? != 0 ] ; then\n    # print error to STDERR\n    echo \"error: The sandbox is not in sync with the Podfile.lock. Run 'pod install' or update your CocoaPods installation.\" >&2\n    exit 1\nfi\n# This output is used by Xcode 'outputs' to avoid re-running this script phase.\necho \"SUCCESS\" > \"${SCRIPT_OUTPUT_FILE_0}\"\n";
			showEnvVarsInLog = 0;
		};
		6755F0237477E9DC345B2353 /* [CP] Check Pods Manifest.lock */ = {
			isa = PBXShellScriptBuildPhase;
			buildActionMask = 2147483647;
			files = (
			);
			inputFileListPaths = (
			);
			inputPaths = (
				"${PODS_PODFILE_DIR_PATH}/Podfile.lock",
				"${PODS_ROOT}/Manifest.lock",
			);
			name = "[CP] Check Pods Manifest.lock";
			outputFileListPaths = (
			);
			outputPaths = (
				"$(DERIVED_FILE_DIR)/Pods-p2pLendingUITests-checkManifestLockResult.txt",
			);
			runOnlyForDeploymentPostprocessing = 0;
			shellPath = /bin/sh;
			shellScript = "diff \"${PODS_PODFILE_DIR_PATH}/Podfile.lock\" \"${PODS_ROOT}/Manifest.lock\" > /dev/null\nif [ $? != 0 ] ; then\n    # print error to STDERR\n    echo \"error: The sandbox is not in sync with the Podfile.lock. Run 'pod install' or update your CocoaPods installation.\" >&2\n    exit 1\nfi\n# This output is used by Xcode 'outputs' to avoid re-running this script phase.\necho \"SUCCESS\" > \"${SCRIPT_OUTPUT_FILE_0}\"\n";
			showEnvVarsInLog = 0;
		};
		6A665DAC0484CF57840DC7E4 /* [CP] Embed Pods Frameworks */ = {
			isa = PBXShellScriptBuildPhase;
			buildActionMask = 2147483647;
			files = (
			);
			inputFileListPaths = (
			);
			inputPaths = (
				"${SRCROOT}/Pods/Target Support Files/Pods-p2pLending/Pods-p2pLending-frameworks.sh",
				"${BUILT_PRODUCTS_DIR}/BigInt.swift/BigInt.framework",
				"${BUILT_PRODUCTS_DIR}/CryptoSwift/CryptoSwift.framework",
				"${BUILT_PRODUCTS_DIR}/SwiftyJSON/SwiftyJSON.framework",
				"${BUILT_PRODUCTS_DIR}/Web3Swift.io/Web3Swift.framework",
				"${BUILT_PRODUCTS_DIR}/secp256k1_ios/secp256k1_ios.framework",
			);
			name = "[CP] Embed Pods Frameworks";
			outputFileListPaths = (
			);
			outputPaths = (
				"${TARGET_BUILD_DIR}/${FRAMEWORKS_FOLDER_PATH}/BigInt.framework",
				"${TARGET_BUILD_DIR}/${FRAMEWORKS_FOLDER_PATH}/CryptoSwift.framework",
				"${TARGET_BUILD_DIR}/${FRAMEWORKS_FOLDER_PATH}/SwiftyJSON.framework",
				"${TARGET_BUILD_DIR}/${FRAMEWORKS_FOLDER_PATH}/Web3Swift.framework",
				"${TARGET_BUILD_DIR}/${FRAMEWORKS_FOLDER_PATH}/secp256k1_ios.framework",
			);
			runOnlyForDeploymentPostprocessing = 0;
			shellPath = /bin/sh;
			shellScript = "\"${SRCROOT}/Pods/Target Support Files/Pods-p2pLending/Pods-p2pLending-frameworks.sh\"\n";
			showEnvVarsInLog = 0;
		};
		71A1854D43A51C40D770C4FE /* [CP] Check Pods Manifest.lock */ = {
			isa = PBXShellScriptBuildPhase;
			buildActionMask = 2147483647;
			files = (
			);
			inputFileListPaths = (
			);
			inputPaths = (
				"${PODS_PODFILE_DIR_PATH}/Podfile.lock",
				"${PODS_ROOT}/Manifest.lock",
			);
			name = "[CP] Check Pods Manifest.lock";
			outputFileListPaths = (
			);
			outputPaths = (
				"$(DERIVED_FILE_DIR)/Pods-p2pLendingTests-checkManifestLockResult.txt",
			);
			runOnlyForDeploymentPostprocessing = 0;
			shellPath = /bin/sh;
			shellScript = "diff \"${PODS_PODFILE_DIR_PATH}/Podfile.lock\" \"${PODS_ROOT}/Manifest.lock\" > /dev/null\nif [ $? != 0 ] ; then\n    # print error to STDERR\n    echo \"error: The sandbox is not in sync with the Podfile.lock. Run 'pod install' or update your CocoaPods installation.\" >&2\n    exit 1\nfi\n# This output is used by Xcode 'outputs' to avoid re-running this script phase.\necho \"SUCCESS\" > \"${SCRIPT_OUTPUT_FILE_0}\"\n";
			showEnvVarsInLog = 0;
		};
/* End PBXShellScriptBuildPhase section */

/* Begin PBXSourcesBuildPhase section */
		C1905A1B221FE7DB0070EDF7 /* Sources */ = {
			isa = PBXSourcesBuildPhase;
			buildActionMask = 2147483647;
			files = (
				C1905A25221FE7DB0070EDF7 /* ViewController.swift in Sources */,
				C1905A23221FE7DB0070EDF7 /* AppDelegate.swift in Sources */,
			);
			runOnlyForDeploymentPostprocessing = 0;
		};
		C1905A2F221FE7DC0070EDF7 /* Sources */ = {
			isa = PBXSourcesBuildPhase;
			buildActionMask = 2147483647;
			files = (
				C1905A38221FE7DC0070EDF7 /* p2pLendingTests.swift in Sources */,
			);
			runOnlyForDeploymentPostprocessing = 0;
		};
		C1905A3A221FE7DC0070EDF7 /* Sources */ = {
			isa = PBXSourcesBuildPhase;
			buildActionMask = 2147483647;
			files = (
				C1905A43221FE7DC0070EDF7 /* p2pLendingUITests.swift in Sources */,
			);
			runOnlyForDeploymentPostprocessing = 0;
		};
/* End PBXSourcesBuildPhase section */

/* Begin PBXTargetDependency section */
		C1905A35221FE7DC0070EDF7 /* PBXTargetDependency */ = {
			isa = PBXTargetDependency;
			target = C1905A1E221FE7DB0070EDF7 /* p2pLending */;
			targetProxy = C1905A34221FE7DC0070EDF7 /* PBXContainerItemProxy */;
		};
		C1905A40221FE7DC0070EDF7 /* PBXTargetDependency */ = {
			isa = PBXTargetDependency;
			target = C1905A1E221FE7DB0070EDF7 /* p2pLending */;
			targetProxy = C1905A3F221FE7DC0070EDF7 /* PBXContainerItemProxy */;
		};
/* End PBXTargetDependency section */

/* Begin PBXVariantGroup section */
		C1905A26221FE7DB0070EDF7 /* Main.storyboard */ = {
			isa = PBXVariantGroup;
			children = (
				C1905A27221FE7DB0070EDF7 /* Base */,
			);
			name = Main.storyboard;
			sourceTree = "<group>";
		};
		C1905A2B221FE7DC0070EDF7 /* LaunchScreen.storyboard */ = {
			isa = PBXVariantGroup;
			children = (
				C1905A2C221FE7DC0070EDF7 /* Base */,
			);
			name = LaunchScreen.storyboard;
			sourceTree = "<group>";
		};
/* End PBXVariantGroup section */

/* Begin XCBuildConfiguration section */
		C1905A45221FE7DC0070EDF7 /* Debug */ = {
			isa = XCBuildConfiguration;
			buildSettings = {
				ALWAYS_SEARCH_USER_PATHS = NO;
				CLANG_ANALYZER_NONNULL = YES;
				CLANG_ANALYZER_NUMBER_OBJECT_CONVERSION = YES_AGGRESSIVE;
				CLANG_CXX_LANGUAGE_STANDARD = "gnu++14";
				CLANG_CXX_LIBRARY = "libc++";
				CLANG_ENABLE_MODULES = YES;
				CLANG_ENABLE_OBJC_ARC = YES;
				CLANG_ENABLE_OBJC_WEAK = YES;
				CLANG_WARN_BLOCK_CAPTURE_AUTORELEASING = YES;
				CLANG_WARN_BOOL_CONVERSION = YES;
				CLANG_WARN_COMMA = YES;
				CLANG_WARN_CONSTANT_CONVERSION = YES;
				CLANG_WARN_DEPRECATED_OBJC_IMPLEMENTATIONS = YES;
				CLANG_WARN_DIRECT_OBJC_ISA_USAGE = YES_ERROR;
				CLANG_WARN_DOCUMENTATION_COMMENTS = YES;
				CLANG_WARN_EMPTY_BODY = YES;
				CLANG_WARN_ENUM_CONVERSION = YES;
				CLANG_WARN_INFINITE_RECURSION = YES;
				CLANG_WARN_INT_CONVERSION = YES;
				CLANG_WARN_NON_LITERAL_NULL_CONVERSION = YES;
				CLANG_WARN_OBJC_IMPLICIT_RETAIN_SELF = YES;
				CLANG_WARN_OBJC_LITERAL_CONVERSION = YES;
				CLANG_WARN_OBJC_ROOT_CLASS = YES_ERROR;
				CLANG_WARN_RANGE_LOOP_ANALYSIS = YES;
				CLANG_WARN_STRICT_PROTOTYPES = YES;
				CLANG_WARN_SUSPICIOUS_MOVE = YES;
				CLANG_WARN_UNGUARDED_AVAILABILITY = YES_AGGRESSIVE;
				CLANG_WARN_UNREACHABLE_CODE = YES;
				CLANG_WARN__DUPLICATE_METHOD_MATCH = YES;
				CODE_SIGN_IDENTITY = "iPhone Developer";
				COPY_PHASE_STRIP = NO;
				DEBUG_INFORMATION_FORMAT = dwarf;
				ENABLE_STRICT_OBJC_MSGSEND = YES;
				ENABLE_TESTABILITY = YES;
				GCC_C_LANGUAGE_STANDARD = gnu11;
				GCC_DYNAMIC_NO_PIC = NO;
				GCC_NO_COMMON_BLOCKS = YES;
				GCC_OPTIMIZATION_LEVEL = 0;
				GCC_PREPROCESSOR_DEFINITIONS = (
					"DEBUG=1",
					"$(inherited)",
				);
				GCC_WARN_64_TO_32_BIT_CONVERSION = YES;
				GCC_WARN_ABOUT_RETURN_TYPE = YES_ERROR;
				GCC_WARN_UNDECLARED_SELECTOR = YES;
				GCC_WARN_UNINITIALIZED_AUTOS = YES_AGGRESSIVE;
				GCC_WARN_UNUSED_FUNCTION = YES;
				GCC_WARN_UNUSED_VARIABLE = YES;
				IPHONEOS_DEPLOYMENT_TARGET = 12.1;
				MTL_ENABLE_DEBUG_INFO = INCLUDE_SOURCE;
				MTL_FAST_MATH = YES;
				ONLY_ACTIVE_ARCH = YES;
				SDKROOT = iphoneos;
				SWIFT_ACTIVE_COMPILATION_CONDITIONS = DEBUG;
				SWIFT_OPTIMIZATION_LEVEL = "-Onone";
			};
			name = Debug;
		};
		C1905A46221FE7DC0070EDF7 /* Release */ = {
			isa = XCBuildConfiguration;
			buildSettings = {
				ALWAYS_SEARCH_USER_PATHS = NO;
				CLANG_ANALYZER_NONNULL = YES;
				CLANG_ANALYZER_NUMBER_OBJECT_CONVERSION = YES_AGGRESSIVE;
				CLANG_CXX_LANGUAGE_STANDARD = "gnu++14";
				CLANG_CXX_LIBRARY = "libc++";
				CLANG_ENABLE_MODULES = YES;
				CLANG_ENABLE_OBJC_ARC = YES;
				CLANG_ENABLE_OBJC_WEAK = YES;
				CLANG_WARN_BLOCK_CAPTURE_AUTORELEASING = YES;
				CLANG_WARN_BOOL_CONVERSION = YES;
				CLANG_WARN_COMMA = YES;
				CLANG_WARN_CONSTANT_CONVERSION = YES;
				CLANG_WARN_DEPRECATED_OBJC_IMPLEMENTATIONS = YES;
				CLANG_WARN_DIRECT_OBJC_ISA_USAGE = YES_ERROR;
				CLANG_WARN_DOCUMENTATION_COMMENTS = YES;
				CLANG_WARN_EMPTY_BODY = YES;
				CLANG_WARN_ENUM_CONVERSION = YES;
				CLANG_WARN_INFINITE_RECURSION = YES;
				CLANG_WARN_INT_CONVERSION = YES;
				CLANG_WARN_NON_LITERAL_NULL_CONVERSION = YES;
				CLANG_WARN_OBJC_IMPLICIT_RETAIN_SELF = YES;
				CLANG_WARN_OBJC_LITERAL_CONVERSION = YES;
				CLANG_WARN_OBJC_ROOT_CLASS = YES_ERROR;
				CLANG_WARN_RANGE_LOOP_ANALYSIS = YES;
				CLANG_WARN_STRICT_PROTOTYPES = YES;
				CLANG_WARN_SUSPICIOUS_MOVE = YES;
				CLANG_WARN_UNGUARDED_AVAILABILITY = YES_AGGRESSIVE;
				CLANG_WARN_UNREACHABLE_CODE = YES;
				CLANG_WARN__DUPLICATE_METHOD_MATCH = YES;
				CODE_SIGN_IDENTITY = "iPhone Developer";
				COPY_PHASE_STRIP = NO;
				DEBUG_INFORMATION_FORMAT = "dwarf-with-dsym";
				ENABLE_NS_ASSERTIONS = NO;
				ENABLE_STRICT_OBJC_MSGSEND = YES;
				GCC_C_LANGUAGE_STANDARD = gnu11;
				GCC_NO_COMMON_BLOCKS = YES;
				GCC_WARN_64_TO_32_BIT_CONVERSION = YES;
				GCC_WARN_ABOUT_RETURN_TYPE = YES_ERROR;
				GCC_WARN_UNDECLARED_SELECTOR = YES;
				GCC_WARN_UNINITIALIZED_AUTOS = YES_AGGRESSIVE;
				GCC_WARN_UNUSED_FUNCTION = YES;
				GCC_WARN_UNUSED_VARIABLE = YES;
				IPHONEOS_DEPLOYMENT_TARGET = 12.1;
				MTL_ENABLE_DEBUG_INFO = NO;
				MTL_FAST_MATH = YES;
				SDKROOT = iphoneos;
				SWIFT_COMPILATION_MODE = wholemodule;
				SWIFT_OPTIMIZATION_LEVEL = "-O";
				VALIDATE_PRODUCT = YES;
			};
			name = Release;
		};
		C1905A48221FE7DC0070EDF7 /* Debug */ = {
			isa = XCBuildConfiguration;
			baseConfigurationReference = BD40EB0A874EA5088864F578 /* Pods-p2pLending.debug.xcconfig */;
			buildSettings = {
				ASSETCATALOG_COMPILER_APPICON_NAME = AppIcon;
				CODE_SIGN_STYLE = Automatic;
				DEVELOPMENT_TEAM = FCNMCC2Y82;
				INFOPLIST_FILE = p2pLending/Info.plist;
				LD_RUNPATH_SEARCH_PATHS = (
					"$(inherited)",
					"@executable_path/Frameworks",
				);
				PRODUCT_BUNDLE_IDENTIFIER = adorsys.p2pLending;
				PRODUCT_NAME = "$(TARGET_NAME)";
				SWIFT_VERSION = 4.2;
				TARGETED_DEVICE_FAMILY = "1,2";
			};
			name = Debug;
		};
		C1905A49221FE7DC0070EDF7 /* Release */ = {
			isa = XCBuildConfiguration;
			baseConfigurationReference = 3A5ABBC131FD16E282BF7FC5 /* Pods-p2pLending.release.xcconfig */;
			buildSettings = {
				ASSETCATALOG_COMPILER_APPICON_NAME = AppIcon;
				CODE_SIGN_STYLE = Automatic;
				DEVELOPMENT_TEAM = FCNMCC2Y82;
				INFOPLIST_FILE = p2pLending/Info.plist;
				LD_RUNPATH_SEARCH_PATHS = (
					"$(inherited)",
					"@executable_path/Frameworks",
				);
				PRODUCT_BUNDLE_IDENTIFIER = adorsys.p2pLending;
				PRODUCT_NAME = "$(TARGET_NAME)";
				SWIFT_VERSION = 4.2;
				TARGETED_DEVICE_FAMILY = "1,2";
			};
			name = Release;
		};
		C1905A4B221FE7DC0070EDF7 /* Debug */ = {
			isa = XCBuildConfiguration;
			baseConfigurationReference = 13843AEAC2ADDBEC4E924046 /* Pods-p2pLendingTests.debug.xcconfig */;
			buildSettings = {
				ALWAYS_EMBED_SWIFT_STANDARD_LIBRARIES = YES;
				BUNDLE_LOADER = "$(TEST_HOST)";
				CODE_SIGN_STYLE = Automatic;
				DEVELOPMENT_TEAM = FCNMCC2Y82;
				INFOPLIST_FILE = p2pLendingTests/Info.plist;
				LD_RUNPATH_SEARCH_PATHS = (
					"$(inherited)",
					"@executable_path/Frameworks",
					"@loader_path/Frameworks",
				);
				PRODUCT_BUNDLE_IDENTIFIER = adorsys.p2pLendingTests;
				PRODUCT_NAME = "$(TARGET_NAME)";
				SWIFT_VERSION = 4.2;
				TARGETED_DEVICE_FAMILY = "1,2";
				TEST_HOST = "$(BUILT_PRODUCTS_DIR)/p2pLending.app/p2pLending";
			};
			name = Debug;
		};
		C1905A4C221FE7DC0070EDF7 /* Release */ = {
			isa = XCBuildConfiguration;
			baseConfigurationReference = 877CE7A1B43A51630F96940C /* Pods-p2pLendingTests.release.xcconfig */;
			buildSettings = {
				ALWAYS_EMBED_SWIFT_STANDARD_LIBRARIES = YES;
				BUNDLE_LOADER = "$(TEST_HOST)";
				CODE_SIGN_STYLE = Automatic;
				DEVELOPMENT_TEAM = FCNMCC2Y82;
				INFOPLIST_FILE = p2pLendingTests/Info.plist;
				LD_RUNPATH_SEARCH_PATHS = (
					"$(inherited)",
					"@executable_path/Frameworks",
					"@loader_path/Frameworks",
				);
				PRODUCT_BUNDLE_IDENTIFIER = adorsys.p2pLendingTests;
				PRODUCT_NAME = "$(TARGET_NAME)";
				SWIFT_VERSION = 4.2;
				TARGETED_DEVICE_FAMILY = "1,2";
				TEST_HOST = "$(BUILT_PRODUCTS_DIR)/p2pLending.app/p2pLending";
			};
			name = Release;
		};
		C1905A4E221FE7DC0070EDF7 /* Debug */ = {
			isa = XCBuildConfiguration;
			baseConfigurationReference = 4FA483DC6A86E6BBCFA30395 /* Pods-p2pLendingUITests.debug.xcconfig */;
			buildSettings = {
				ALWAYS_EMBED_SWIFT_STANDARD_LIBRARIES = YES;
				CODE_SIGN_STYLE = Automatic;
				DEVELOPMENT_TEAM = FCNMCC2Y82;
				INFOPLIST_FILE = p2pLendingUITests/Info.plist;
				LD_RUNPATH_SEARCH_PATHS = (
					"$(inherited)",
					"@executable_path/Frameworks",
					"@loader_path/Frameworks",
				);
				PRODUCT_BUNDLE_IDENTIFIER = adorsys.p2pLendingUITests;
				PRODUCT_NAME = "$(TARGET_NAME)";
				SWIFT_VERSION = 4.2;
				TARGETED_DEVICE_FAMILY = "1,2";
				TEST_TARGET_NAME = p2pLending;
			};
			name = Debug;
		};
		C1905A4F221FE7DC0070EDF7 /* Release */ = {
			isa = XCBuildConfiguration;
			baseConfigurationReference = 3C2EAA8ED1E8DAD2A5A346A4 /* Pods-p2pLendingUITests.release.xcconfig */;
			buildSettings = {
				ALWAYS_EMBED_SWIFT_STANDARD_LIBRARIES = YES;
				CODE_SIGN_STYLE = Automatic;
				DEVELOPMENT_TEAM = FCNMCC2Y82;
				INFOPLIST_FILE = p2pLendingUITests/Info.plist;
				LD_RUNPATH_SEARCH_PATHS = (
					"$(inherited)",
					"@executable_path/Frameworks",
					"@loader_path/Frameworks",
				);
				PRODUCT_BUNDLE_IDENTIFIER = adorsys.p2pLendingUITests;
				PRODUCT_NAME = "$(TARGET_NAME)";
				SWIFT_VERSION = 4.2;
				TARGETED_DEVICE_FAMILY = "1,2";
				TEST_TARGET_NAME = p2pLending;
			};
			name = Release;
		};
/* End XCBuildConfiguration section */

/* Begin XCConfigurationList section */
		C1905A1A221FE7DA0070EDF7 /* Build configuration list for PBXProject "p2pLending" */ = {
			isa = XCConfigurationList;
			buildConfigurations = (
				C1905A45221FE7DC0070EDF7 /* Debug */,
				C1905A46221FE7DC0070EDF7 /* Release */,
			);
			defaultConfigurationIsVisible = 0;
			defaultConfigurationName = Release;
		};
		C1905A47221FE7DC0070EDF7 /* Build configuration list for PBXNativeTarget "p2pLending" */ = {
			isa = XCConfigurationList;
			buildConfigurations = (
				C1905A48221FE7DC0070EDF7 /* Debug */,
				C1905A49221FE7DC0070EDF7 /* Release */,
			);
			defaultConfigurationIsVisible = 0;
			defaultConfigurationName = Release;
		};
		C1905A4A221FE7DC0070EDF7 /* Build configuration list for PBXNativeTarget "p2pLendingTests" */ = {
			isa = XCConfigurationList;
			buildConfigurations = (
				C1905A4B221FE7DC0070EDF7 /* Debug */,
				C1905A4C221FE7DC0070EDF7 /* Release */,
			);
			defaultConfigurationIsVisible = 0;
			defaultConfigurationName = Release;
		};
		C1905A4D221FE7DC0070EDF7 /* Build configuration list for PBXNativeTarget "p2pLendingUITests" */ = {
			isa = XCConfigurationList;
			buildConfigurations = (
				C1905A4E221FE7DC0070EDF7 /* Debug */,
				C1905A4F221FE7DC0070EDF7 /* Release */,
			);
			defaultConfigurationIsVisible = 0;
			defaultConfigurationName = Release;
		};
/* End XCConfigurationList section */
	};
	rootObject = C1905A17221FE7DA0070EDF7 /* Project object */;
}
